
Microsoft Visual Studio Solution File, Format Version 12.00
# Visual Studio Version 17
VisualStudioVersion = 17.6.33829.357
MinimumVisualStudioVersion = 10.0.40219.1
Project("{FAE04EC0-301F-11D3-BF4B-00C04F79EFBC}") = "ConsoleApp1", "ConsoleApp1.csproj", "{BB07E4A4-B4CF-4069-AC27-43A3B3DC9D5D}"
EndProject
Global
	GlobalSection(SolutionConfigurationPlatforms) = preSolution
		Debug|Any CPU = Debug|Any CPU
		Release|Any CPU = Release|Any CPU
	EndGlobalSection
	GlobalSection(ProjectConfigurationPlatforms) = postSolution
		{BB07E4A4-B4CF-4069-AC27-43A3B3DC9D5D}.Debug|Any CPU.ActiveCfg = Debug|Any CPU
		{BB07E4A4-B4CF-4069-AC27-43A3B3DC9D5D}.Debug|Any CPU.Build.0 = Debug|Any CPU
		{BB07E4A4-B4CF-4069-AC27-43A3B3DC9D5D}.Release|Any CPU.ActiveCfg = Release|Any CPU
		{BB07E4A4-B4CF-4069-AC27-43A3B3DC9D5D}.Release|Any CPU.Build.0 = Release|Any CPU
	EndGlobalSection
	GlobalSection(SolutionProperties) = preSolution
		HideSolutionNode = FALSE
	EndGlobalSection
	GlobalSection(ExtensibilityGlobals) = postSolution
		SolutionGuid = {6190FFF3-CFF9-4233-BC07-C379181C6CA9}
	EndGlobalSection
EndGlobal
